
Microsoft Visual Studio Solution File, Format Version 12.00
# Visual Studio 2012
Project("{FAE04EC0-301F-11D3-BF4B-00C04F79EFBC}") = "YAMiniProg", "miniProg\YAMiniProg.csproj", "{CE20E371-301B-4848-A930-2C00E1EBDF6C}"
EndProject
Project("{FAE04EC0-301F-11D3-BF4B-00C04F79EFBC}") = "pixelPicker", "pixelPicker\pixelPicker.csproj", "{858D80A4-8DBB-4CE2-A05A-4FC481D286F4}"
EndProject
Project("{FAE04EC0-301F-11D3-BF4B-00C04F79EFBC}") = "YAUI", "YAUI\YAUI.csproj", "{44A65251-F8FF-44BF-BE47-40482F28E11D}"
EndProject
Project("{FAE04EC0-301F-11D3-BF4B-00C04F79EFBC}") = "YAUtils", "YAUtils\YAUtils.csproj", "{A97AD18A-B2EE-44FB-BECD-10496EC8FB1F}"
EndProject
Project("{FAE04EC0-301F-11D3-BF4B-00C04F79EFBC}") = "YAUIUser", "YAUIUser\YAUIUser.csproj", "{0A161930-181C-4757-BD94-3D3B32F47B29}"
EndProject
Global
	GlobalSection(SolutionConfigurationPlatforms) = preSolution
		Debug|Any CPU = Debug|Any CPU
		Debug|x64 = Debug|x64
		Debug|x86 = Debug|x86
		Release|Any CPU = Release|Any CPU
		Release|x64 = Release|x64
		Release|x86 = Release|x86
	EndGlobalSection
	GlobalSection(ProjectConfigurationPlatforms) = postSolution
		{CE20E371-301B-4848-A930-2C00E1EBDF6C}.Debug|Any CPU.ActiveCfg = Debug|Any CPU
		{CE20E371-301B-4848-A930-2C00E1EBDF6C}.Debug|Any CPU.Build.0 = Debug|Any CPU
		{CE20E371-301B-4848-A930-2C00E1EBDF6C}.Debug|x64.ActiveCfg = Debug|Any CPU
		{CE20E371-301B-4848-A930-2C00E1EBDF6C}.Debug|x86.ActiveCfg = Debug|Any CPU
		{CE20E371-301B-4848-A930-2C00E1EBDF6C}.Release|Any CPU.ActiveCfg = Release|Any CPU
		{CE20E371-301B-4848-A930-2C00E1EBDF6C}.Release|Any CPU.Build.0 = Release|Any CPU
		{CE20E371-301B-4848-A930-2C00E1EBDF6C}.Release|x64.ActiveCfg = Release|Any CPU
		{CE20E371-301B-4848-A930-2C00E1EBDF6C}.Release|x86.ActiveCfg = Release|Any CPU
		{858D80A4-8DBB-4CE2-A05A-4FC481D286F4}.Debug|Any CPU.ActiveCfg = Debug|Any CPU
		{858D80A4-8DBB-4CE2-A05A-4FC481D286F4}.Debug|Any CPU.Build.0 = Debug|Any CPU
		{858D80A4-8DBB-4CE2-A05A-4FC481D286F4}.Debug|x64.ActiveCfg = Debug|Any CPU
		{858D80A4-8DBB-4CE2-A05A-4FC481D286F4}.Debug|x86.ActiveCfg = Debug|Any CPU
		{858D80A4-8DBB-4CE2-A05A-4FC481D286F4}.Release|Any CPU.ActiveCfg = Release|Any CPU
		{858D80A4-8DBB-4CE2-A05A-4FC481D286F4}.Release|Any CPU.Build.0 = Release|Any CPU
		{858D80A4-8DBB-4CE2-A05A-4FC481D286F4}.Release|x64.ActiveCfg = Release|Any CPU
		{858D80A4-8DBB-4CE2-A05A-4FC481D286F4}.Release|x86.ActiveCfg = Release|Any CPU
		{44A65251-F8FF-44BF-BE47-40482F28E11D}.Debug|Any CPU.ActiveCfg = Debug|Any CPU
		{44A65251-F8FF-44BF-BE47-40482F28E11D}.Debug|Any CPU.Build.0 = Debug|Any CPU
		{44A65251-F8FF-44BF-BE47-40482F28E11D}.Debug|x64.ActiveCfg = Debug|Any CPU
		{44A65251-F8FF-44BF-BE47-40482F28E11D}.Debug|x86.ActiveCfg = Debug|Any CPU
		{44A65251-F8FF-44BF-BE47-40482F28E11D}.Release|Any CPU.ActiveCfg = Release|Any CPU
		{44A65251-F8FF-44BF-BE47-40482F28E11D}.Release|Any CPU.Build.0 = Release|Any CPU
		{44A65251-F8FF-44BF-BE47-40482F28E11D}.Release|x64.ActiveCfg = Release|Any CPU
		{44A65251-F8FF-44BF-BE47-40482F28E11D}.Release|x86.ActiveCfg = Release|Any CPU
		{A97AD18A-B2EE-44FB-BECD-10496EC8FB1F}.Debug|Any CPU.ActiveCfg = Debug|Any CPU
		{A97AD18A-B2EE-44FB-BECD-10496EC8FB1F}.Debug|Any CPU.Build.0 = Debug|Any CPU
		{A97AD18A-B2EE-44FB-BECD-10496EC8FB1F}.Debug|x64.ActiveCfg = Debug|Any CPU
		{A97AD18A-B2EE-44FB-BECD-10496EC8FB1F}.Debug|x86.ActiveCfg = Debug|Any CPU
		{A97AD18A-B2EE-44FB-BECD-10496EC8FB1F}.Release|Any CPU.ActiveCfg = Release|Any CPU
		{A97AD18A-B2EE-44FB-BECD-10496EC8FB1F}.Release|Any CPU.Build.0 = Release|Any CPU
		{A97AD18A-B2EE-44FB-BECD-10496EC8FB1F}.Release|x64.ActiveCfg = Release|Any CPU
		{A97AD18A-B2EE-44FB-BECD-10496EC8FB1F}.Release|x86.ActiveCfg = Release|Any CPU
		{0A161930-181C-4757-BD94-3D3B32F47B29}.Debug|Any CPU.ActiveCfg = Debug|Any CPU
		{0A161930-181C-4757-BD94-3D3B32F47B29}.Debug|Any CPU.Build.0 = Debug|Any CPU
		{0A161930-181C-4757-BD94-3D3B32F47B29}.Debug|x64.ActiveCfg = Debug|Any CPU
		{0A161930-181C-4757-BD94-3D3B32F47B29}.Debug|x86.ActiveCfg = Debug|Any CPU
		{0A161930-181C-4757-BD94-3D3B32F47B29}.Release|Any CPU.ActiveCfg = Release|Any CPU
		{0A161930-181C-4757-BD94-3D3B32F47B29}.Release|Any CPU.Build.0 = Release|Any CPU
		{0A161930-181C-4757-BD94-3D3B32F47B29}.Release|x64.ActiveCfg = Release|Any CPU
		{0A161930-181C-4757-BD94-3D3B32F47B29}.Release|x86.ActiveCfg = Release|Any CPU
	EndGlobalSection
	GlobalSection(SolutionProperties) = preSolution
		HideSolutionNode = FALSE
	EndGlobalSection
EndGlobal
