
Microsoft Visual Studio Solution File, Format Version 12.00
# Visual Studio 2012
Project("{FAE04EC0-301F-11D3-BF4B-00C04F79EFBC}") = "YAUIUser", "YAUIUser.csproj", "{0A161930-181C-4757-BD94-3D3B32F47B29}"
EndProject
Project("{FAE04EC0-301F-11D3-BF4B-00C04F79EFBC}") = "YAUI", "..\YAUI\YAUI.csproj", "{44A65251-F8FF-44BF-BE47-40482F28E11D}"
EndProject
Global
	GlobalSection(SolutionConfigurationPlatforms) = preSolution
		Debug|Any CPU = Debug|Any CPU
		Release|Any CPU = Release|Any CPU
	EndGlobalSection
	GlobalSection(ProjectConfigurationPlatforms) = postSolution
		{0A161930-181C-4757-BD94-3D3B32F47B29}.Debug|Any CPU.ActiveCfg = Debug|Any CPU
		{0A161930-181C-4757-BD94-3D3B32F47B29}.Debug|Any CPU.Build.0 = Debug|Any CPU
		{0A161930-181C-4757-BD94-3D3B32F47B29}.Release|Any CPU.ActiveCfg = Release|Any CPU
		{0A161930-181C-4757-BD94-3D3B32F47B29}.Release|Any CPU.Build.0 = Release|Any CPU
		{44A65251-F8FF-44BF-BE47-40482F28E11D}.Debug|Any CPU.ActiveCfg = Debug|Any CPU
		{44A65251-F8FF-44BF-BE47-40482F28E11D}.Debug|Any CPU.Build.0 = Debug|Any CPU
		{44A65251-F8FF-44BF-BE47-40482F28E11D}.Release|Any CPU.ActiveCfg = Release|Any CPU
		{44A65251-F8FF-44BF-BE47-40482F28E11D}.Release|Any CPU.Build.0 = Release|Any CPU
	EndGlobalSection
	GlobalSection(SolutionProperties) = preSolution
		HideSolutionNode = FALSE
	EndGlobalSection
EndGlobal
